
Microsoft Visual Studio Solution File, Format Version 12.00
# Visual Studio Version 16
VisualStudioVersion = 16.0.810.19
MinimumVisualStudioVersion = 10.0.40219.1
Project("{FAE04EC0-301F-11D3-BF4B-00C04F79EFBC}") = "PPL", "PPL.csproj", "{59F5FD9F-9FC0-4575-BED9-D5E8EBE92825}"
EndProject
Global
	GlobalSection(SolutionConfigurationPlatforms) = preSolution
		Debug|Any CPU = Debug|Any CPU
		Release|Any CPU = Release|Any CPU
	EndGlobalSection
	GlobalSection(ProjectConfigurationPlatforms) = postSolution
		{59F5FD9F-9FC0-4575-BED9-D5E8EBE92825}.Debug|Any CPU.ActiveCfg = Debug|Any CPU
		{59F5FD9F-9FC0-4575-BED9-D5E8EBE92825}.Debug|Any CPU.Build.0 = Debug|Any CPU
		{59F5FD9F-9FC0-4575-BED9-D5E8EBE92825}.Release|Any CPU.ActiveCfg = Release|Any CPU
		{59F5FD9F-9FC0-4575-BED9-D5E8EBE92825}.Release|Any CPU.Build.0 = Release|Any CPU
	EndGlobalSection
	GlobalSection(SolutionProperties) = preSolution
		HideSolutionNode = FALSE
	EndGlobalSection
	GlobalSection(ExtensibilityGlobals) = postSolution
		SolutionGuid = {59960140-5C53-4A99-A463-B7EEFD5C624F}
	EndGlobalSection
EndGlobal
